<?xml version="1.0" encoding="utf-8"?>
<Project ToolsVersion="4.0" xmlns="http://schemas.microsoft.com/developer/msbuild/2003">
  <ItemGroup>
    <Filter Include="Main">
      <UniqueIdentifier>{4FC737F1-C7A5-4376-A066-2A32D752A2FF}</UniqueIdentifier>
      <Extensions>cpp;c;cc;cxx;def;odl;idl;hpj;bat;asm;asmx</Extensions>
    </Filter>
    <Filter Include="Parser">
      <UniqueIdentifier>{898c9342-e49e-4d4d-96ea-64f4303b36eb}</UniqueIdentifier>
    </Filter>
    <Filter Include="AST">
      <UniqueIdentifier>{53ab9455-211b-4bdd-823a-34201ef40a3f}</UniqueIdentifier>
    </Filter>
    <Filter Include="Preprocessing">
      <UniqueIdentifier>{7e24f5cc-2b9b-47d5-84f6-3881db271fd8}</UniqueIdentifier>
    </Filter>
    <Filter Include="Singleton">
      <UniqueIdentifier>{6e6de11d-bd08-469b-9bf9-89d962dd257e}</UniqueIdentifier>
    </Filter>
    <Filter Include="Parser\NodeFilter">
      <UniqueIdentifier>{0f294958-f98a-4f66-aa21-752d26ed12bc}</UniqueIdentifier>
    </Filter>
    <Filter Include="Errors">
      <UniqueIdentifier>{96604d36-498a-4207-82fd-631257c9c20d}</UniqueIdentifier>
    </Filter>
    <Filter Include="ASM">
      <UniqueIdentifier>{99ff5b06-567d-4a51-b9ae-aec220a46f22}</UniqueIdentifier>
    </Filter>
    <Filter Include="Utilities">
      <UniqueIdentifier>{09cfc7de-b990-45f1-96f5-8b482e795a2e}</UniqueIdentifier>
    </Filter>
    <Filter Include="Lexer">
      <UniqueIdentifier>{b61f0783-4a0d-4b7d-a9d4-7b47432ed5cc}</UniqueIdentifier>
    </Filter>
  </ItemGroup>
  <ItemGroup>
    <ClCompile Include="BaseTokenTypes.cpp">
      <Filter>Lexer</Filter>
    </ClCompile>
    <ClCompile Include="Token.cpp">
      <Filter>Lexer</Filter>
    </ClCompile>
    <ClCompile Include="TokenBreaking.cpp">
      <Filter>Lexer</Filter>
    </ClCompile>
    <ClCompile Include="Node.cpp">
      <Filter>Parser</Filter>
    </ClCompile>
    <ClCompile Include="Parser.cpp">
      <Filter>Parser</Filter>
    </ClCompile>
    <ClCompile Include="AbstractSyntaxTree.cpp">
      <Filter>AST</Filter>
    </ClCompile>
    <ClCompile Include="Expression.cpp">
      <Filter>Parser\NodeFilter</Filter>
    </ClCompile>
    <ClCompile Include="VariableInit.cpp">
      <Filter>Parser</Filter>
    </ClCompile>
    <ClCompile Include="Variable.cpp">
      <Filter>AST</Filter>
    </ClCompile>
    <ClCompile Include="TableVariable.cpp">
      <Filter>AST</Filter>
    </ClCompile>
    <ClCompile Include="RecursiveTraversal.cpp">
      <Filter>AST</Filter>
    </ClCompile>
    <ClCompile Include="ListTokens.cpp">
      <Filter>Main</Filter>
    </ClCompile>
    <ClCompile Include="Translator.cpp">
      <Filter>Main</Filter>
    </ClCompile>
    <ClCompile Include="Errors\Error.cpp">
      <Filter>Errors</Filter>
    </ClCompile>
    <ClCompile Include="Errors\ErrorSettings.cpp">
      <Filter>Errors</Filter>
    </ClCompile>
    <ClCompile Include="Errors\LocalizationSettings.cpp">
      <Filter>Errors</Filter>
    </ClCompile>
    <ClCompile Include="Errors\Table\Table.cpp">
      <Filter>Errors</Filter>
    </ClCompile>
    <ClCompile Include="Errors\TableLocalization.cpp">
      <Filter>Errors</Filter>
    </ClCompile>
    <ClCompile Include="Preprocessing.cpp">
      <Filter>Preprocessing</Filter>
    </ClCompile>
    <ClCompile Include="Singleton.cpp">
      <Filter>Singleton</Filter>
    </ClCompile>
    <ClCompile Include="Function.cpp">
      <Filter>AST</Filter>
    </ClCompile>
    <ClCompile Include="TableFunction.cpp">
      <Filter>AST</Filter>
    </ClCompile>
    <ClCompile Include="Sequence.cpp">
      <Filter>Main</Filter>
    </ClCompile>
    <ClCompile Include="ListSequence.cpp">
      <Filter>Main</Filter>
    </ClCompile>
    <ClCompile Include="Asm\Asm.cpp">
      <Filter>ASM</Filter>
    </ClCompile>
    <ClCompile Include="Random.cpp">
      <Filter>Utilities</Filter>
    </ClCompile>
    <ClCompile Include="TableImport.cpp">
      <Filter>AST</Filter>
    </ClCompile>
    <ClCompile Include="Import.cpp">
      <Filter>Main</Filter>
    </ClCompile>
  </ItemGroup>
  <ItemGroup>
    <ClInclude Include="TokenType.h">
      <Filter>Lexer</Filter>
    </ClInclude>
    <ClInclude Include="BaseTokenTypes.h">
      <Filter>Lexer</Filter>
    </ClInclude>
    <ClInclude Include="Token.h">
      <Filter>Lexer</Filter>
    </ClInclude>
    <ClInclude Include="TokenBreaking.h">
      <Filter>Lexer</Filter>
    </ClInclude>
    <ClInclude Include="Node.h">
      <Filter>Parser</Filter>
    </ClInclude>
    <ClInclude Include="NodeType.h">
      <Filter>Parser</Filter>
    </ClInclude>
    <ClInclude Include="Parser.h">
      <Filter>Parser</Filter>
    </ClInclude>
    <ClInclude Include="AbstractSyntaxTree.h">
      <Filter>AST</Filter>
    </ClInclude>
    <ClInclude Include="VariableInit.h" />
    <ClInclude Include="ListTokens.h" />
    <ClInclude Include="Expression.h" />
    <ClInclude Include="IControl.h">
      <Filter>Parser\NodeFilter</Filter>
    </ClInclude>
    <ClInclude Include="VariableType.h">
      <Filter>AST</Filter>
    </ClInclude>
    <ClInclude Include="Variable.h">
      <Filter>AST</Filter>
    </ClInclude>
    <ClInclude Include="TableVariable.h">
      <Filter>AST</Filter>
    </ClInclude>
    <ClInclude Include="RecursiveTraversal.h">
      <Filter>AST</Filter>
    </ClInclude>
    <ClInclude Include="Errors\Error.h">
      <Filter>Errors</Filter>
    </ClInclude>
    <ClInclude Include="Errors\ErrorSettings.h">
      <Filter>Errors</Filter>
    </ClInclude>
    <ClInclude Include="Errors\Language.h">
      <Filter>Errors</Filter>
    </ClInclude>
    <ClInclude Include="Errors\LocalizationSettings.h">
      <Filter>Errors</Filter>
    </ClInclude>
    <ClInclude Include="Errors\TableLocalization.h">
      <Filter>Errors</Filter>
    </ClInclude>
    <ClInclude Include="Errors\Table\Table.h">
      <Filter>Errors</Filter>
    </ClInclude>
    <ClInclude Include="Preprocessing.h">
      <Filter>Preprocessing</Filter>
    </ClInclude>
    <ClInclude Include="Singleton.h">
      <Filter>Singleton</Filter>
    </ClInclude>
    <ClInclude Include="TableFunction.h">
      <Filter>AST</Filter>
    </ClInclude>
    <ClInclude Include="Function.h">
      <Filter>AST</Filter>
    </ClInclude>
    <ClInclude Include="Sequence.h" />
    <ClInclude Include="ListSequence.h" />
    <ClInclude Include="Asm\AsmConstants.h">
      <Filter>ASM</Filter>
    </ClInclude>
    <ClInclude Include="Asm\Asm.h">
      <Filter>ASM</Filter>
    </ClInclude>
    <ClInclude Include="Random.h">
      <Filter>Utilities</Filter>
    </ClInclude>
    <ClInclude Include="TableImport.h">
      <Filter>AST</Filter>
    </ClInclude>
    <ClInclude Include="Import.h" />
  </ItemGroup>
  <ItemGroup>
    <None Include="progGo.go" />
  </ItemGroup>
</Project>